
Microsoft Visual Studio Solution File, Format Version 12.00
Project("{2150E333-8FDC-42A3-9474-1A3956D46DE8}") = "src", "src", "{B0851C07-9CE2-4EF2-BDF6-F5167D0C003F}"
EndProject
Project("{2150E333-8FDC-42A3-9474-1A3956D46DE8}") = "Domain", "Domain", "{FC997936-C955-479A-87DB-AC4945185D65}"
EndProject
Project("{FAE04EC0-301F-11D3-BF4B-00C04F79EFBC}") = "LinkUp.Domain", "LinkUp.Domain\LinkUp.Domain.csproj", "{70048408-4D48-4DEF-BA6D-9088672414F5}"
EndProject
Project("{2150E333-8FDC-42A3-9474-1A3956D46DE8}") = "Infrastructure", "Infrastructure", "{3DCBC7E6-A2F4-4CAF-A5BF-343C6D65AECB}"
EndProject
Project("{FAE04EC0-301F-11D3-BF4B-00C04F79EFBC}") = "LinkUp.Infrastructure.Persistence", "LinkUp.Infrastructure.Persistence\LinkUp.Infrastructure.Persistence.csproj", "{AFA71B11-46E0-4D0B-B294-6F92B0971A9E}"
EndProject
Project("{2150E333-8FDC-42A3-9474-1A3956D46DE8}") = "Presentation", "Presentation", "{AF8392AA-FA71-4588-A29E-1F47604B21D8}"
EndProject
Project("{FAE04EC0-301F-11D3-BF4B-00C04F79EFBC}") = "LinkUp.Presentation.API", "LinkUp.Presentation.API\LinkUp.Presentation.API.csproj", "{3E03AEAF-AFD8-4915-A189-60FC12E977F6}"
EndProject
Project("{2150E333-8FDC-42A3-9474-1A3956D46DE8}") = "Application", "Application", "{D143E13F-2C63-4295-8D04-C0B9ECF3ECD8}"
EndProject
Project("{FAE04EC0-301F-11D3-BF4B-00C04F79EFBC}") = "LinkUp.Application", "LinkUp.Application\LinkUp.Application.csproj", "{0BBCF648-6CE2-44AC-A67D-3F1C94E52DD4}"
EndProject
Global
	GlobalSection(SolutionConfigurationPlatforms) = preSolution
		Debug|Any CPU = Debug|Any CPU
		Release|Any CPU = Release|Any CPU
	EndGlobalSection
	GlobalSection(NestedProjects) = preSolution
		{FC997936-C955-479A-87DB-AC4945185D65} = {B0851C07-9CE2-4EF2-BDF6-F5167D0C003F}
		{70048408-4D48-4DEF-BA6D-9088672414F5} = {FC997936-C955-479A-87DB-AC4945185D65}
		{3DCBC7E6-A2F4-4CAF-A5BF-343C6D65AECB} = {B0851C07-9CE2-4EF2-BDF6-F5167D0C003F}
		{AFA71B11-46E0-4D0B-B294-6F92B0971A9E} = {3DCBC7E6-A2F4-4CAF-A5BF-343C6D65AECB}
		{AF8392AA-FA71-4588-A29E-1F47604B21D8} = {B0851C07-9CE2-4EF2-BDF6-F5167D0C003F}
		{3E03AEAF-AFD8-4915-A189-60FC12E977F6} = {AF8392AA-FA71-4588-A29E-1F47604B21D8}
		{D143E13F-2C63-4295-8D04-C0B9ECF3ECD8} = {B0851C07-9CE2-4EF2-BDF6-F5167D0C003F}
		{0BBCF648-6CE2-44AC-A67D-3F1C94E52DD4} = {D143E13F-2C63-4295-8D04-C0B9ECF3ECD8}
	EndGlobalSection
	GlobalSection(ProjectConfigurationPlatforms) = postSolution
		{70048408-4D48-4DEF-BA6D-9088672414F5}.Debug|Any CPU.ActiveCfg = Debug|Any CPU
		{70048408-4D48-4DEF-BA6D-9088672414F5}.Debug|Any CPU.Build.0 = Debug|Any CPU
		{70048408-4D48-4DEF-BA6D-9088672414F5}.Release|Any CPU.ActiveCfg = Release|Any CPU
		{70048408-4D48-4DEF-BA6D-9088672414F5}.Release|Any CPU.Build.0 = Release|Any CPU
		{AFA71B11-46E0-4D0B-B294-6F92B0971A9E}.Debug|Any CPU.ActiveCfg = Debug|Any CPU
		{AFA71B11-46E0-4D0B-B294-6F92B0971A9E}.Debug|Any CPU.Build.0 = Debug|Any CPU
		{AFA71B11-46E0-4D0B-B294-6F92B0971A9E}.Release|Any CPU.ActiveCfg = Release|Any CPU
		{AFA71B11-46E0-4D0B-B294-6F92B0971A9E}.Release|Any CPU.Build.0 = Release|Any CPU
		{3E03AEAF-AFD8-4915-A189-60FC12E977F6}.Debug|Any CPU.ActiveCfg = Debug|Any CPU
		{3E03AEAF-AFD8-4915-A189-60FC12E977F6}.Debug|Any CPU.Build.0 = Debug|Any CPU
		{3E03AEAF-AFD8-4915-A189-60FC12E977F6}.Release|Any CPU.ActiveCfg = Release|Any CPU
		{3E03AEAF-AFD8-4915-A189-60FC12E977F6}.Release|Any CPU.Build.0 = Release|Any CPU
		{0BBCF648-6CE2-44AC-A67D-3F1C94E52DD4}.Debug|Any CPU.ActiveCfg = Debug|Any CPU
		{0BBCF648-6CE2-44AC-A67D-3F1C94E52DD4}.Debug|Any CPU.Build.0 = Debug|Any CPU
		{0BBCF648-6CE2-44AC-A67D-3F1C94E52DD4}.Release|Any CPU.ActiveCfg = Release|Any CPU
		{0BBCF648-6CE2-44AC-A67D-3F1C94E52DD4}.Release|Any CPU.Build.0 = Release|Any CPU
	EndGlobalSection
EndGlobal
